
Microsoft Visual Studio Solution File, Format Version 12.00
# Visual Studio Version 16
VisualStudioVersion = 16.0.30523.141
MinimumVisualStudioVersion = 10.0.40219.1
Project("{FAE04EC0-301F-11D3-BF4B-00C04F79EFBC}") = "Pop_Simona_Proiect1", "Pop_Simona_Proiect1.csproj", "{83572D0A-DD49-485A-9452-5D4D4DB697D5}"
EndProject
Global
	GlobalSection(SolutionConfigurationPlatforms) = preSolution
		Debug|Any CPU = Debug|Any CPU
		Release|Any CPU = Release|Any CPU
	EndGlobalSection
	GlobalSection(ProjectConfigurationPlatforms) = postSolution
		{83572D0A-DD49-485A-9452-5D4D4DB697D5}.Debug|Any CPU.ActiveCfg = Debug|Any CPU
		{83572D0A-DD49-485A-9452-5D4D4DB697D5}.Debug|Any CPU.Build.0 = Debug|Any CPU
		{83572D0A-DD49-485A-9452-5D4D4DB697D5}.Release|Any CPU.ActiveCfg = Release|Any CPU
		{83572D0A-DD49-485A-9452-5D4D4DB697D5}.Release|Any CPU.Build.0 = Release|Any CPU
	EndGlobalSection
	GlobalSection(SolutionProperties) = preSolution
		HideSolutionNode = FALSE
	EndGlobalSection
	GlobalSection(ExtensibilityGlobals) = postSolution
		SolutionGuid = {1D1F6992-A66C-45B1-9859-D7B86A1E6C44}
	EndGlobalSection
EndGlobal
